{
  "name": "hh",
  "requires": true,
  "lockfileVersion": 1,
  "dependencies": {
    "@sabaki/sgf": {
      "version": "2.1.0",
      "resolved": "http://registry.npm.taobao.org/@sabaki/sgf/download/@sabaki/sgf-2.1.0.tgz"
    },
    "sgf2go": {
      "version": "0.0.7",
      "resolved": "https://registry.npmjs.org/sgf2go/-/sgf2go-0.0.7.tgz",
      "integrity": "sha1-USh5IPvhBW9wWB6tTpACzI4mmfc="
    }
  }
}
